
Microsoft Visual Studio Solution File, Format Version 12.00
# Visual Studio Version 17
VisualStudioVersion = 17.8.34316.72
MinimumVisualStudioVersion = 10.0.40219.1
Project("{8BC9CEB8-8B4A-11D0-8D11-00A0C91BC942}") = "ControlSructures", "ControlSructures\ControlSructures.vcxproj", "{C0535FCA-2B2E-4CB6-BECA-AE9E1ED4622F}"
EndProject
Project("{8BC9CEB8-8B4A-11D0-8D11-00A0C91BC942}") = "calc", "calc\calc.vcxproj", "{426EDA97-241F-4A3D-A6D1-FBCAFDAE219D}"
EndProject
Project("{8BC9CEB8-8B4A-11D0-8D11-00A0C91BC942}") = "Loops", "Loops\Loops.vcxproj", "{EE3C023F-E828-4569-A822-585B5698D1F9}"
EndProject
Project("{8BC9CEB8-8B4A-11D0-8D11-00A0C91BC942}") = "Ticket", "Ticket\Ticket.vcxproj", "{9E05A5EE-D9D6-4D1B-BEAB-C477544A7C8D}"
EndProject
Project("{8BC9CEB8-8B4A-11D0-8D11-00A0C91BC942}") = "Shooter", "Shooter\Shooter.vcxproj", "{73FCB8B0-C40B-4B47-A0BB-03ED209B0B59}"
EndProject
Project("{8BC9CEB8-8B4A-11D0-8D11-00A0C91BC942}") = "Shooter2", "Shooter2\Shooter2.vcxproj", "{C28646B3-E2C5-4197-AC6D-15807B3CA7ED}"
EndProject
Project("{8BC9CEB8-8B4A-11D0-8D11-00A0C91BC942}") = "Factorial", "Factorial\Factorial.vcxproj", "{9DE47337-E366-417C-A0B9-B5C1027D7A6E}"
EndProject
Project("{8BC9CEB8-8B4A-11D0-8D11-00A0C91BC942}") = "FOR", "FOR\FOR.vcxproj", "{82E0F19A-0944-464D-9C6A-9B49705BE4B4}"
EndProject
Project("{8BC9CEB8-8B4A-11D0-8D11-00A0C91BC942}") = "GEOMETRY", "GEOMETRY\GEOMETRY.vcxproj", "{F55052A4-E35E-4D87-B975-914C357BC665}"
EndProject
Project("{8BC9CEB8-8B4A-11D0-8D11-00A0C91BC942}") = "Chessboard", "Chessboard\Chessboard.vcxproj", "{DFCE3FD1-DD63-477E-80ED-3643778849E1}"
EndProject
Project("{8BC9CEB8-8B4A-11D0-8D11-00A0C91BC942}") = "HARDCHESS", "HARDCHESS\HARDCHESS.vcxproj", "{60529D4D-9B8E-40C8-AB42-EEA0DAC7BCA3}"
EndProject
Project("{8BC9CEB8-8B4A-11D0-8D11-00A0C91BC942}") = "PascalTriangle", "PascalTriangle\PascalTriangle.vcxproj", "{A4046ACD-AEF2-4D33-A6AA-17AABF5E691A}"
EndProject
Project("{8BC9CEB8-8B4A-11D0-8D11-00A0C91BC942}") = "XOR_EXERCISE", "XOR_EXERCISE\XOR_EXERCISE.vcxproj", "{53EFF30F-82F7-4681-94C1-EEFB9576C897}"
EndProject
Global
	GlobalSection(SolutionConfigurationPlatforms) = preSolution
		Debug|x64 = Debug|x64
		Debug|x86 = Debug|x86
		Release|x64 = Release|x64
		Release|x86 = Release|x86
	EndGlobalSection
	GlobalSection(ProjectConfigurationPlatforms) = postSolution
		{C0535FCA-2B2E-4CB6-BECA-AE9E1ED4622F}.Debug|x64.ActiveCfg = Debug|x64
		{C0535FCA-2B2E-4CB6-BECA-AE9E1ED4622F}.Debug|x64.Build.0 = Debug|x64
		{C0535FCA-2B2E-4CB6-BECA-AE9E1ED4622F}.Debug|x86.ActiveCfg = Debug|Win32
		{C0535FCA-2B2E-4CB6-BECA-AE9E1ED4622F}.Debug|x86.Build.0 = Debug|Win32
		{C0535FCA-2B2E-4CB6-BECA-AE9E1ED4622F}.Release|x64.ActiveCfg = Release|x64
		{C0535FCA-2B2E-4CB6-BECA-AE9E1ED4622F}.Release|x64.Build.0 = Release|x64
		{C0535FCA-2B2E-4CB6-BECA-AE9E1ED4622F}.Release|x86.ActiveCfg = Release|Win32
		{C0535FCA-2B2E-4CB6-BECA-AE9E1ED4622F}.Release|x86.Build.0 = Release|Win32
		{426EDA97-241F-4A3D-A6D1-FBCAFDAE219D}.Debug|x64.ActiveCfg = Debug|x64
		{426EDA97-241F-4A3D-A6D1-FBCAFDAE219D}.Debug|x64.Build.0 = Debug|x64
		{426EDA97-241F-4A3D-A6D1-FBCAFDAE219D}.Debug|x86.ActiveCfg = Debug|Win32
		{426EDA97-241F-4A3D-A6D1-FBCAFDAE219D}.Debug|x86.Build.0 = Debug|Win32
		{426EDA97-241F-4A3D-A6D1-FBCAFDAE219D}.Release|x64.ActiveCfg = Release|x64
		{426EDA97-241F-4A3D-A6D1-FBCAFDAE219D}.Release|x64.Build.0 = Release|x64
		{426EDA97-241F-4A3D-A6D1-FBCAFDAE219D}.Release|x86.ActiveCfg = Release|Win32
		{426EDA97-241F-4A3D-A6D1-FBCAFDAE219D}.Release|x86.Build.0 = Release|Win32
		{EE3C023F-E828-4569-A822-585B5698D1F9}.Debug|x64.ActiveCfg = Debug|x64
		{EE3C023F-E828-4569-A822-585B5698D1F9}.Debug|x64.Build.0 = Debug|x64
		{EE3C023F-E828-4569-A822-585B5698D1F9}.Debug|x86.ActiveCfg = Debug|Win32
		{EE3C023F-E828-4569-A822-585B5698D1F9}.Debug|x86.Build.0 = Debug|Win32
		{EE3C023F-E828-4569-A822-585B5698D1F9}.Release|x64.ActiveCfg = Release|x64
		{EE3C023F-E828-4569-A822-585B5698D1F9}.Release|x64.Build.0 = Release|x64
		{EE3C023F-E828-4569-A822-585B5698D1F9}.Release|x86.ActiveCfg = Release|Win32
		{EE3C023F-E828-4569-A822-585B5698D1F9}.Release|x86.Build.0 = Release|Win32
		{9E05A5EE-D9D6-4D1B-BEAB-C477544A7C8D}.Debug|x64.ActiveCfg = Debug|x64
		{9E05A5EE-D9D6-4D1B-BEAB-C477544A7C8D}.Debug|x64.Build.0 = Debug|x64
		{9E05A5EE-D9D6-4D1B-BEAB-C477544A7C8D}.Debug|x86.ActiveCfg = Debug|Win32
		{9E05A5EE-D9D6-4D1B-BEAB-C477544A7C8D}.Debug|x86.Build.0 = Debug|Win32
		{9E05A5EE-D9D6-4D1B-BEAB-C477544A7C8D}.Release|x64.ActiveCfg = Release|x64
		{9E05A5EE-D9D6-4D1B-BEAB-C477544A7C8D}.Release|x64.Build.0 = Release|x64
		{9E05A5EE-D9D6-4D1B-BEAB-C477544A7C8D}.Release|x86.ActiveCfg = Release|Win32
		{9E05A5EE-D9D6-4D1B-BEAB-C477544A7C8D}.Release|x86.Build.0 = Release|Win32
		{73FCB8B0-C40B-4B47-A0BB-03ED209B0B59}.Debug|x64.ActiveCfg = Debug|x64
		{73FCB8B0-C40B-4B47-A0BB-03ED209B0B59}.Debug|x64.Build.0 = Debug|x64
		{73FCB8B0-C40B-4B47-A0BB-03ED209B0B59}.Debug|x86.ActiveCfg = Debug|Win32
		{73FCB8B0-C40B-4B47-A0BB-03ED209B0B59}.Debug|x86.Build.0 = Debug|Win32
		{73FCB8B0-C40B-4B47-A0BB-03ED209B0B59}.Release|x64.ActiveCfg = Release|x64
		{73FCB8B0-C40B-4B47-A0BB-03ED209B0B59}.Release|x64.Build.0 = Release|x64
		{73FCB8B0-C40B-4B47-A0BB-03ED209B0B59}.Release|x86.ActiveCfg = Release|Win32
		{73FCB8B0-C40B-4B47-A0BB-03ED209B0B59}.Release|x86.Build.0 = Release|Win32
		{C28646B3-E2C5-4197-AC6D-15807B3CA7ED}.Debug|x64.ActiveCfg = Debug|x64
		{C28646B3-E2C5-4197-AC6D-15807B3CA7ED}.Debug|x64.Build.0 = Debug|x64
		{C28646B3-E2C5-4197-AC6D-15807B3CA7ED}.Debug|x86.ActiveCfg = Debug|Win32
		{C28646B3-E2C5-4197-AC6D-15807B3CA7ED}.Debug|x86.Build.0 = Debug|Win32
		{C28646B3-E2C5-4197-AC6D-15807B3CA7ED}.Release|x64.ActiveCfg = Release|x64
		{C28646B3-E2C5-4197-AC6D-15807B3CA7ED}.Release|x64.Build.0 = Release|x64
		{C28646B3-E2C5-4197-AC6D-15807B3CA7ED}.Release|x86.ActiveCfg = Release|Win32
		{C28646B3-E2C5-4197-AC6D-15807B3CA7ED}.Release|x86.Build.0 = Release|Win32
		{9DE47337-E366-417C-A0B9-B5C1027D7A6E}.Debug|x64.ActiveCfg = Debug|x64
		{9DE47337-E366-417C-A0B9-B5C1027D7A6E}.Debug|x64.Build.0 = Debug|x64
		{9DE47337-E366-417C-A0B9-B5C1027D7A6E}.Debug|x86.ActiveCfg = Debug|Win32
		{9DE47337-E366-417C-A0B9-B5C1027D7A6E}.Debug|x86.Build.0 = Debug|Win32
		{9DE47337-E366-417C-A0B9-B5C1027D7A6E}.Release|x64.ActiveCfg = Release|x64
		{9DE47337-E366-417C-A0B9-B5C1027D7A6E}.Release|x64.Build.0 = Release|x64
		{9DE47337-E366-417C-A0B9-B5C1027D7A6E}.Release|x86.ActiveCfg = Release|Win32
		{9DE47337-E366-417C-A0B9-B5C1027D7A6E}.Release|x86.Build.0 = Release|Win32
		{82E0F19A-0944-464D-9C6A-9B49705BE4B4}.Debug|x64.ActiveCfg = Debug|x64
		{82E0F19A-0944-464D-9C6A-9B49705BE4B4}.Debug|x64.Build.0 = Debug|x64
		{82E0F19A-0944-464D-9C6A-9B49705BE4B4}.Debug|x86.ActiveCfg = Debug|Win32
		{82E0F19A-0944-464D-9C6A-9B49705BE4B4}.Debug|x86.Build.0 = Debug|Win32
		{82E0F19A-0944-464D-9C6A-9B49705BE4B4}.Release|x64.ActiveCfg = Release|x64
		{82E0F19A-0944-464D-9C6A-9B49705BE4B4}.Release|x64.Build.0 = Release|x64
		{82E0F19A-0944-464D-9C6A-9B49705BE4B4}.Release|x86.ActiveCfg = Release|Win32
		{82E0F19A-0944-464D-9C6A-9B49705BE4B4}.Release|x86.Build.0 = Release|Win32
		{F55052A4-E35E-4D87-B975-914C357BC665}.Debug|x64.ActiveCfg = Debug|x64
		{F55052A4-E35E-4D87-B975-914C357BC665}.Debug|x64.Build.0 = Debug|x64
		{F55052A4-E35E-4D87-B975-914C357BC665}.Debug|x86.ActiveCfg = Debug|Win32
		{F55052A4-E35E-4D87-B975-914C357BC665}.Debug|x86.Build.0 = Debug|Win32
		{F55052A4-E35E-4D87-B975-914C357BC665}.Release|x64.ActiveCfg = Release|x64
		{F55052A4-E35E-4D87-B975-914C357BC665}.Release|x64.Build.0 = Release|x64
		{F55052A4-E35E-4D87-B975-914C357BC665}.Release|x86.ActiveCfg = Release|Win32
		{F55052A4-E35E-4D87-B975-914C357BC665}.Release|x86.Build.0 = Release|Win32
		{DFCE3FD1-DD63-477E-80ED-3643778849E1}.Debug|x64.ActiveCfg = Debug|x64
		{DFCE3FD1-DD63-477E-80ED-3643778849E1}.Debug|x64.Build.0 = Debug|x64
		{DFCE3FD1-DD63-477E-80ED-3643778849E1}.Debug|x86.ActiveCfg = Debug|Win32
		{DFCE3FD1-DD63-477E-80ED-3643778849E1}.Debug|x86.Build.0 = Debug|Win32
		{DFCE3FD1-DD63-477E-80ED-3643778849E1}.Release|x64.ActiveCfg = Release|x64
		{DFCE3FD1-DD63-477E-80ED-3643778849E1}.Release|x64.Build.0 = Release|x64
		{DFCE3FD1-DD63-477E-80ED-3643778849E1}.Release|x86.ActiveCfg = Release|Win32
		{DFCE3FD1-DD63-477E-80ED-3643778849E1}.Release|x86.Build.0 = Release|Win32
		{60529D4D-9B8E-40C8-AB42-EEA0DAC7BCA3}.Debug|x64.ActiveCfg = Debug|x64
		{60529D4D-9B8E-40C8-AB42-EEA0DAC7BCA3}.Debug|x64.Build.0 = Debug|x64
		{60529D4D-9B8E-40C8-AB42-EEA0DAC7BCA3}.Debug|x86.ActiveCfg = Debug|Win32
		{60529D4D-9B8E-40C8-AB42-EEA0DAC7BCA3}.Debug|x86.Build.0 = Debug|Win32
		{60529D4D-9B8E-40C8-AB42-EEA0DAC7BCA3}.Release|x64.ActiveCfg = Release|x64
		{60529D4D-9B8E-40C8-AB42-EEA0DAC7BCA3}.Release|x64.Build.0 = Release|x64
		{60529D4D-9B8E-40C8-AB42-EEA0DAC7BCA3}.Release|x86.ActiveCfg = Release|Win32
		{60529D4D-9B8E-40C8-AB42-EEA0DAC7BCA3}.Release|x86.Build.0 = Release|Win32
		{A4046ACD-AEF2-4D33-A6AA-17AABF5E691A}.Debug|x64.ActiveCfg = Debug|x64
		{A4046ACD-AEF2-4D33-A6AA-17AABF5E691A}.Debug|x64.Build.0 = Debug|x64
		{A4046ACD-AEF2-4D33-A6AA-17AABF5E691A}.Debug|x86.ActiveCfg = Debug|Win32
		{A4046ACD-AEF2-4D33-A6AA-17AABF5E691A}.Debug|x86.Build.0 = Debug|Win32
		{A4046ACD-AEF2-4D33-A6AA-17AABF5E691A}.Release|x64.ActiveCfg = Release|x64
		{A4046ACD-AEF2-4D33-A6AA-17AABF5E691A}.Release|x64.Build.0 = Release|x64
		{A4046ACD-AEF2-4D33-A6AA-17AABF5E691A}.Release|x86.ActiveCfg = Release|Win32
		{A4046ACD-AEF2-4D33-A6AA-17AABF5E691A}.Release|x86.Build.0 = Release|Win32
		{53EFF30F-82F7-4681-94C1-EEFB9576C897}.Debug|x64.ActiveCfg = Debug|x64
		{53EFF30F-82F7-4681-94C1-EEFB9576C897}.Debug|x64.Build.0 = Debug|x64
		{53EFF30F-82F7-4681-94C1-EEFB9576C897}.Debug|x86.ActiveCfg = Debug|Win32
		{53EFF30F-82F7-4681-94C1-EEFB9576C897}.Debug|x86.Build.0 = Debug|Win32
		{53EFF30F-82F7-4681-94C1-EEFB9576C897}.Release|x64.ActiveCfg = Release|x64
		{53EFF30F-82F7-4681-94C1-EEFB9576C897}.Release|x64.Build.0 = Release|x64
		{53EFF30F-82F7-4681-94C1-EEFB9576C897}.Release|x86.ActiveCfg = Release|Win32
		{53EFF30F-82F7-4681-94C1-EEFB9576C897}.Release|x86.Build.0 = Release|Win32
	EndGlobalSection
	GlobalSection(SolutionProperties) = preSolution
		HideSolutionNode = FALSE
	EndGlobalSection
	GlobalSection(ExtensibilityGlobals) = postSolution
		SolutionGuid = {ADD583A2-424F-4C18-9951-64EA50C10DFA}
	EndGlobalSection
EndGlobal
